<?xml version="1.0" encoding="utf-8"?>
<Project ToolsVersion="4.0" xmlns="http://schemas.microsoft.com/developer/msbuild/2003">
  <ItemGroup>
    <Filter Include="Source Files">
      <UniqueIdentifier>{4FC737F1-C7A5-4376-A066-2A32D752A2FF}</UniqueIdentifier>
      <Extensions>cpp;c;cc;cxx;c++;cppm;ixx;def;odl;idl;hpj;bat;asm;asmx</Extensions>
    </Filter>
    <Filter Include="Header Files">
      <UniqueIdentifier>{93995380-89BD-4b04-88EB-625FBE52EBFB}</UniqueIdentifier>
      <Extensions>h;hh;hpp;hxx;h++;hm;inl;inc;ipp;xsd</Extensions>
    </Filter>
    <Filter Include="Resource Files">
      <UniqueIdentifier>{67DA6AB6-F800-4c08-8B7A-83BB121AAD01}</UniqueIdentifier>
      <Extensions>rc;ico;cur;bmp;dlg;rc2;rct;bin;rgs;gif;jpg;jpeg;jpe;resx;tiff;tif;png;wav;mfcribbon-ms</Extensions>
    </Filter>
  </ItemGroup>
  <ItemGroup>
    <ClCompile Include="WHO.cpp">
      <Filter>Source Files</Filter>
    </ClCompile>
    <ClCompile Include="Login_Student.cpp">
      <Filter>Source Files</Filter>
    </ClCompile>
    <ClCompile Include="Login_Teacher.cpp">
      <Filter>Source Files</Filter>
    </ClCompile>
    <ClCompile Include="Login_Admin.cpp">
      <Filter>Source Files</Filter>
    </ClCompile>
    <ClCompile Include="Student_Home.cpp">
      <Filter>Source Files</Filter>
    </ClCompile>
    <ClCompile Include="Info_Student.cpp">
      <Filter>Source Files</Filter>
    </ClCompile>
    <ClCompile Include="Attendance_Student.cpp">
      <Filter>Source Files</Filter>
    </ClCompile>
    <ClCompile Include="Teacher_Home.cpp">
      <Filter>Source Files</Filter>
    </ClCompile>
    <ClCompile Include="Info_Teacher.cpp">
      <Filter>Source Files</Filter>
    </ClCompile>
    <ClCompile Include="User_Admin.cpp">
      <Filter>Source Files</Filter>
    </ClCompile>
    <ClCompile Include="User_Student_Admin.cpp">
      <Filter>Source Files</Filter>
    </ClCompile>
    <ClCompile Include="User_Teacher_Admin.cpp">
      <Filter>Source Files</Filter>
    </ClCompile>
    <ClCompile Include="Transcript_User.cpp">
      <Filter>Source Files</Filter>
    </ClCompile>
    <ClCompile Include="Teacher_Marks.cpp">
      <Filter>Source Files</Filter>
    </ClCompile>
    <ClCompile Include="Teacher_Attendance.cpp">
      <Filter>Source Files</Filter>
    </ClCompile>
    <ClCompile Include="Teacher_Marks2.cpp">
      <Filter>Source Files</Filter>
    </ClCompile>
    <ClCompile Include="Attendance_Studentt.cpp">
      <Filter>Source Files</Filter>
    </ClCompile>
    <ClCompile Include="Quiz.cpp">
      <Filter>Source Files</Filter>
    </ClCompile>
    <ClCompile Include="Assignment.cpp">
      <Filter>Source Files</Filter>
    </ClCompile>
    <ClCompile Include="Mid.cpp">
      <Filter>Source Files</Filter>
    </ClCompile>
    <ClCompile Include="Final.cpp">
      <Filter>Source Files</Filter>
    </ClCompile>
    <ClCompile Include="Transcript.cpp">
      <Filter>Source Files</Filter>
    </ClCompile>
    <ClCompile Include="AddAdmin.cpp">
      <Filter>Source Files</Filter>
    </ClCompile>
    <ClCompile Include="FeaturesAdmin.cpp">
      <Filter>Source Files</Filter>
    </ClCompile>
    <ClCompile Include="Remove_Student.cpp">
      <Filter>Source Files</Filter>
    </ClCompile>
    <ClCompile Include="Edit_Student.cpp">
      <Filter>Source Files</Filter>
    </ClCompile>
    <ClCompile Include="Edit_Teacher.cpp">
      <Filter>Source Files</Filter>
    </ClCompile>
    <ClCompile Include="Search_Student.cpp">
      <Filter>Source Files</Filter>
    </ClCompile>
  </ItemGroup>
  <ItemGroup>
    <ClInclude Include="WHO.h">
      <Filter>Header Files</Filter>
    </ClInclude>
    <ClInclude Include="Login_Student.h">
      <Filter>Header Files</Filter>
    </ClInclude>
    <ClInclude Include="Login_Teacher.h">
      <Filter>Header Files</Filter>
    </ClInclude>
    <ClInclude Include="Login_Admin.h">
      <Filter>Header Files</Filter>
    </ClInclude>
    <ClInclude Include="Student_Home.h">
      <Filter>Header Files</Filter>
    </ClInclude>
    <ClInclude Include="Info_Student.h">
      <Filter>Header Files</Filter>
    </ClInclude>
    <ClInclude Include="Attendance_Student.h">
      <Filter>Header Files</Filter>
    </ClInclude>
    <ClInclude Include="Teacher_Home.h">
      <Filter>Header Files</Filter>
    </ClInclude>
    <ClInclude Include="Info_Teacher.h">
      <Filter>Header Files</Filter>
    </ClInclude>
    <ClInclude Include="User_Admin.h">
      <Filter>Header Files</Filter>
    </ClInclude>
    <ClInclude Include="User_Student_Admin.h">
      <Filter>Header Files</Filter>
    </ClInclude>
    <ClInclude Include="User_Teacher_Admin.h">
      <Filter>Header Files</Filter>
    </ClInclude>
    <ClInclude Include="Transcript_User.h">
      <Filter>Header Files</Filter>
    </ClInclude>
    <ClInclude Include="Teacher_Marks.h">
      <Filter>Header Files</Filter>
    </ClInclude>
    <ClInclude Include="Teacher_Attendance.h">
      <Filter>Header Files</Filter>
    </ClInclude>
    <ClInclude Include="Teacher_Marks2.h">
      <Filter>Header Files</Filter>
    </ClInclude>
    <ClInclude Include="Attendance_Studentt.h">
      <Filter>Header Files</Filter>
    </ClInclude>
    <ClInclude Include="Quiz.h">
      <Filter>Header Files</Filter>
    </ClInclude>
    <ClInclude Include="Assignment.h">
      <Filter>Header Files</Filter>
    </ClInclude>
    <ClInclude Include="Mid.h">
      <Filter>Header Files</Filter>
    </ClInclude>
    <ClInclude Include="Final.h">
      <Filter>Header Files</Filter>
    </ClInclude>
    <ClInclude Include="Transcript.h">
      <Filter>Header Files</Filter>
    </ClInclude>
    <ClInclude Include="AddAdmin.h">
      <Filter>Header Files</Filter>
    </ClInclude>
    <ClInclude Include="FeaturesAdmin.h">
      <Filter>Header Files</Filter>
    </ClInclude>
    <ClInclude Include="Remove_Student.h">
      <Filter>Header Files</Filter>
    </ClInclude>
    <ClInclude Include="Edit_Student.h">
      <Filter>Header Files</Filter>
    </ClInclude>
    <ClInclude Include="Edit_Teacher.h">
      <Filter>Header Files</Filter>
    </ClInclude>
    <ClInclude Include="Search_Student.h">
      <Filter>Header Files</Filter>
    </ClInclude>
  </ItemGroup>
  <ItemGroup>
    <Text Include="admin.txt" />
    <Text Include="admin_teacher.txt" />
    <Text Include="admin_student.txt" />
    <Text Include="Teacher_Marks2.txt" />
    <Text Include="students.txt" />
    <Text Include="Quiz.txt" />
    <Text Include="Assignment.txt" />
    <Text Include="Mid.txt" />
    <Text Include="Final.txt" />
    <Text Include="Active.txt" />
    <Text Include="FeatureAdmin.txt" />
    <Text Include="SearchStudent.txt" />
    <Text Include="SearchUser.txt" />
    <Text Include="Search_Teacher.txt" />
    <Text Include="StudentPass.txt" />
    <Text Include="stdAtten.txt" />
    <Text Include="teachersDetail.txt" />
    <Text Include="tuserPwd.txt" />
    <Text Include="userPwd.txt" />
    <Text Include="student.txt" />
    <Text Include="index.txt" />
    <Text Include="23L-3025.txt" />
    <Text Include="233L-3062.txt" />
    <Text Include="23L-3040.txt" />
    <Text Include="23L-3059.txt" />
    <Text Include="21L-1234.txt" />
    <Text Include="Attendance.txt" />
    <Text Include="Active_Subject.txt" />
  </ItemGroup>
</Project>